
Microsoft Visual Studio Solution File, Format Version 12.00
# Visual Studio Version 17
VisualStudioVersion = 17.9.34622.214
MinimumVisualStudioVersion = 10.0.40219.1
Project("{888888A0-9F3D-457C-B088-3A5042F75D52}") = "ELE3000", "ELE3000.pyproj", "{9D762983-EF82-4BA0-A267-6379FF59A04B}"
EndProject
Global
	GlobalSection(SolutionConfigurationPlatforms) = preSolution
		Debug|Any CPU = Debug|Any CPU
		Release|Any CPU = Release|Any CPU
	EndGlobalSection
	GlobalSection(ProjectConfigurationPlatforms) = postSolution
		{9D762983-EF82-4BA0-A267-6379FF59A04B}.Debug|Any CPU.ActiveCfg = Debug|Any CPU
		{9D762983-EF82-4BA0-A267-6379FF59A04B}.Release|Any CPU.ActiveCfg = Release|Any CPU
	EndGlobalSection
	GlobalSection(SolutionProperties) = preSolution
		HideSolutionNode = FALSE
	EndGlobalSection
	GlobalSection(ExtensibilityGlobals) = postSolution
		SolutionGuid = {A0B1E5DF-47B7-4810-9F68-8383A85BF853}
	EndGlobalSection
EndGlobal
